Microsoft Visual Studio Solution File, Format Version 12.00
# Visual Studio Version 17
VisualStudioVersion = 17.5.2.0
MinimumVisualStudioVersion = 10.0.40219.1
Project("{FAE04EC0-301F-11D3-BF4B-00C04F79EFBC}") = "ITGSA.API", "ITGSA.API\ITGSA.API.csproj", "{D2209830-9C6A-B5EE-00A5-CEB5C1C6950B}"
EndProject
Global
	GlobalSection(SolutionConfigurationPlatforms) = preSolution
		Debug|Any CPU = Debug|Any CPU
		Release|Any CPU = Release|Any CPU
	EndGlobalSection
	GlobalSection(ProjectConfigurationPlatforms) = postSolution
		{D2209830-9C6A-B5EE-00A5-CEB5C1C6950B}.Debug|Any CPU.ActiveCfg = Debug|Any CPU
		{D2209830-9C6A-B5EE-00A5-CEB5C1C6950B}.Debug|Any CPU.Build.0 = Debug|Any CPU
		{D2209830-9C6A-B5EE-00A5-CEB5C1C6950B}.Release|Any CPU.ActiveCfg = Release|Any CPU
		{D2209830-9C6A-B5EE-00A5-CEB5C1C6950B}.Release|Any CPU.Build.0 = Release|Any CPU
	EndGlobalSection
	GlobalSection(SolutionProperties) = preSolution
		HideSolutionNode = FALSE
	EndGlobalSection
	GlobalSection(ExtensibilityGlobals) = postSolution
		SolutionGuid = {973F1726-797C-4142-809C-A5C77147C005}
	EndGlobalSection
EndGlobal
